
Microsoft Visual Studio Solution File, Format Version 12.00
# Visual Studio 15
VisualStudioVersion = 15.0.27703.2035
MinimumVisualStudioVersion = 10.0.40219.1
Project("{FAE04EC0-301F-11D3-BF4B-00C04F79EFBC}") = "SToolkit.Zlib", "SToolkit.Zlib\SToolkit.Zlib.csproj", "{A8C321B2-F080-4D03-A561-BEEB0CAD347D}"
EndProject
Project("{FAE04EC0-301F-11D3-BF4B-00C04F79EFBC}") = "SToolkit.Zlib.Demo", "SToolkit.Zlib.Demo\SToolkit.Zlib.Demo.csproj", "{6428F234-046D-4835-A49C-7DF2D07594D1}"
EndProject
Global
	GlobalSection(SolutionConfigurationPlatforms) = preSolution
		Debug|Any CPU = Debug|Any CPU
		Release|Any CPU = Release|Any CPU
	EndGlobalSection
	GlobalSection(ProjectConfigurationPlatforms) = postSolution
		{A8C321B2-F080-4D03-A561-BEEB0CAD347D}.Debug|Any CPU.ActiveCfg = Debug|Any CPU
		{A8C321B2-F080-4D03-A561-BEEB0CAD347D}.Debug|Any CPU.Build.0 = Debug|Any CPU
		{A8C321B2-F080-4D03-A561-BEEB0CAD347D}.Release|Any CPU.ActiveCfg = Release|Any CPU
		{A8C321B2-F080-4D03-A561-BEEB0CAD347D}.Release|Any CPU.Build.0 = Release|Any CPU
		{6428F234-046D-4835-A49C-7DF2D07594D1}.Debug|Any CPU.ActiveCfg = Debug|Any CPU
		{6428F234-046D-4835-A49C-7DF2D07594D1}.Debug|Any CPU.Build.0 = Debug|Any CPU
		{6428F234-046D-4835-A49C-7DF2D07594D1}.Release|Any CPU.ActiveCfg = Release|Any CPU
		{6428F234-046D-4835-A49C-7DF2D07594D1}.Release|Any CPU.Build.0 = Release|Any CPU
	EndGlobalSection
	GlobalSection(SolutionProperties) = preSolution
		HideSolutionNode = FALSE
	EndGlobalSection
	GlobalSection(ExtensibilityGlobals) = postSolution
		SolutionGuid = {0E0F4C25-7AB8-4121-A062-5FB712F26963}
	EndGlobalSection
EndGlobal
